
Microsoft Visual Studio Solution File, Format Version 10.00
# Visual Studio 2008
Project("{FAE04EC0-301F-11D3-BF4B-00C04F79EFBC}") = "RelayLib", "RelayLib\RelayLib.csproj", "{6913640F-90B9-4839-8FDE-6CC21BC5889B}"
EndProject
Project("{FAE04EC0-301F-11D3-BF4B-00C04F79EFBC}") = "SharpSSH", "SharpSSH\SharpSSH.csproj", "{D27CF69D-4681-492A-BE4D-D3D209104423}"
EndProject
Project("{FAE04EC0-301F-11D3-BF4B-00C04F79EFBC}") = "ConsoleRelay", "ConsoleRelay\ConsoleRelay.csproj", "{7EB3BFBF-D0EF-42FB-A917-E8C9E565FBB4}"
EndProject
Project("{FAE04EC0-301F-11D3-BF4B-00C04F79EFBC}") = "SharpSSH-NG", "SharpSSH-NG\SharpSSH-NG.csproj", "{FDD95F69-DEBD-4E52-9127-56DA2A6237E0}"
EndProject
Global
	GlobalSection(SolutionConfigurationPlatforms) = preSolution
		Debug|Any CPU = Debug|Any CPU
		Release|Any CPU = Release|Any CPU
	EndGlobalSection
	GlobalSection(ProjectConfigurationPlatforms) = postSolution
		{6913640F-90B9-4839-8FDE-6CC21BC5889B}.Debug|Any CPU.ActiveCfg = Debug|Any CPU
		{6913640F-90B9-4839-8FDE-6CC21BC5889B}.Debug|Any CPU.Build.0 = Debug|Any CPU
		{6913640F-90B9-4839-8FDE-6CC21BC5889B}.Release|Any CPU.ActiveCfg = Release|Any CPU
		{6913640F-90B9-4839-8FDE-6CC21BC5889B}.Release|Any CPU.Build.0 = Release|Any CPU
		{D27CF69D-4681-492A-BE4D-D3D209104423}.Debug|Any CPU.ActiveCfg = Debug|Any CPU
		{D27CF69D-4681-492A-BE4D-D3D209104423}.Debug|Any CPU.Build.0 = Debug|Any CPU
		{D27CF69D-4681-492A-BE4D-D3D209104423}.Release|Any CPU.ActiveCfg = Release|Any CPU
		{D27CF69D-4681-492A-BE4D-D3D209104423}.Release|Any CPU.Build.0 = Release|Any CPU
		{7EB3BFBF-D0EF-42FB-A917-E8C9E565FBB4}.Debug|Any CPU.ActiveCfg = Debug|Any CPU
		{7EB3BFBF-D0EF-42FB-A917-E8C9E565FBB4}.Debug|Any CPU.Build.0 = Debug|Any CPU
		{7EB3BFBF-D0EF-42FB-A917-E8C9E565FBB4}.Release|Any CPU.ActiveCfg = Release|Any CPU
		{7EB3BFBF-D0EF-42FB-A917-E8C9E565FBB4}.Release|Any CPU.Build.0 = Release|Any CPU
		{FDD95F69-DEBD-4E52-9127-56DA2A6237E0}.Debug|Any CPU.ActiveCfg = Debug|Any CPU
		{FDD95F69-DEBD-4E52-9127-56DA2A6237E0}.Debug|Any CPU.Build.0 = Debug|Any CPU
		{FDD95F69-DEBD-4E52-9127-56DA2A6237E0}.Release|Any CPU.ActiveCfg = Release|Any CPU
		{FDD95F69-DEBD-4E52-9127-56DA2A6237E0}.Release|Any CPU.Build.0 = Release|Any CPU
	EndGlobalSection
	GlobalSection(SolutionProperties) = preSolution
		HideSolutionNode = FALSE
	EndGlobalSection
	GlobalSection(ExtensibilityGlobals) = postSolution
		VisualSVNWorkingCopyRoot = .
	EndGlobalSection
EndGlobal
